{
  "name": "env-doctor",
  "version": "0.1.0",
  "lockfileVersion": 3,
  "requires": true,
  "packages": {
    "": {
      "name": "env-doctor",
      "version": "0.1.0",
      "license": "MIT",
      "bin": {
        "env-doctor": "bin/env-doctor.js"
      },
      "devDependencies": {},
      "engines": {
        "node": ">=14"
      }
    }
  }
}
